
Microsoft Visual Studio Solution File, Format Version 12.00
# Visual Studio 15
VisualStudioVersion = 15.0.28307.572
MinimumVisualStudioVersion = 10.0.40219.1
Project("{FAE04EC0-301F-11D3-BF4B-00C04F79EFBC}") = "ChikaProject", "ChikaProject\ChikaProject.csproj", "{B06E8DCC-49A4-4850-A0B6-288F077D45BB}"
EndProject
Global
	GlobalSection(SolutionConfigurationPlatforms) = preSolution
		Debug|Any CPU = Debug|Any CPU
		Release|Any CPU = Release|Any CPU
	EndGlobalSection
	GlobalSection(ProjectConfigurationPlatforms) = postSolution
		{B06E8DCC-49A4-4850-A0B6-288F077D45BB}.Debug|Any CPU.ActiveCfg = Debug|Any CPU
		{B06E8DCC-49A4-4850-A0B6-288F077D45BB}.Debug|Any CPU.Build.0 = Debug|Any CPU
		{B06E8DCC-49A4-4850-A0B6-288F077D45BB}.Release|Any CPU.ActiveCfg = Release|Any CPU
		{B06E8DCC-49A4-4850-A0B6-288F077D45BB}.Release|Any CPU.Build.0 = Release|Any CPU
	EndGlobalSection
	GlobalSection(SolutionProperties) = preSolution
		HideSolutionNode = FALSE
	EndGlobalSection
	GlobalSection(ExtensibilityGlobals) = postSolution
		SolutionGuid = {6323EC7A-F07E-4848-8FF9-0255158342C6}
	EndGlobalSection
EndGlobal
